
Microsoft Visual Studio Solution File, Format Version 12.00
# Visual Studio Version 17
VisualStudioVersion = 17.4.33110.190
MinimumVisualStudioVersion = 10.0.40219.1
Project("{2150E333-8FDC-42A3-9474-1A3956D46DE8}") = "Common", "Common", "{4BF53A8A-B344-4C1A-AE24-1FC41E2188E9}"
EndProject
Project("{2150E333-8FDC-42A3-9474-1A3956D46DE8}") = "Infrastructure", "Infrastructure", "{FA933B2A-DC9F-44A0-94C7-C5D2D49C550B}"
EndProject
Project("{2150E333-8FDC-42A3-9474-1A3956D46DE8}") = "Application", "Application", "{AA983AFF-9CBC-4F2A-98E3-3CACA5039C61}"
EndProject
Project("{2150E333-8FDC-42A3-9474-1A3956D46DE8}") = "Domain", "Domain", "{5A9735A3-CEE9-4E50-B2FD-54F0BF402002}"
EndProject
Project("{9A19103F-16F7-4668-BE54-9A1E7A4F7556}") = "Hexalith.Extensions", "Hexalith\src\Core\Common\Hexalith.Extensions\Hexalith.Extensions.csproj", "{1959557F-5EAF-4B1E-BF3F-313AC68EFA49}"
EndProject
Project("{2150E333-8FDC-42A3-9474-1A3956D46DE8}") = "Hexalith", "Hexalith", "{D2DA3040-462E-4E0E-9CFE-3EA95FA3D014}"
	ProjectSection(SolutionItems) = preProject
		src\Directory.Build.props = src\Directory.Build.props
	EndProjectSection
EndProject
Project("{9A19103F-16F7-4668-BE54-9A1E7A4F7556}") = "Hexalith.Infrastructure.AzureActiveDirectory", "Hexalith\src\Core\Infrastructure\Hexalith.Infrastructure.AzureActiveDirectory\Hexalith.Infrastructure.AzureActiveDirectory.csproj", "{E6204AB7-62EC-41C2-9DEC-7727D3B87B08}"
EndProject
Project("{9A19103F-16F7-4668-BE54-9A1E7A4F7556}") = "Hexalith.TestMocks", "Hexalith\src\Core\Common\Hexalith.TestMocks\Hexalith.TestMocks.csproj", "{BE07B798-CBB1-4DA7-B80D-7628F1E67894}"
EndProject
Project("{9A19103F-16F7-4668-BE54-9A1E7A4F7556}") = "Hexalith.Application", "Hexalith\src\Core\Application\Hexalith.Application\Hexalith.Application.csproj", "{735CE2B7-2572-4E3F-8B57-C55F9A69448E}"
EndProject
Project("{9A19103F-16F7-4668-BE54-9A1E7A4F7556}") = "Hexalith.Application.Abstractions", "Hexalith\src\Core\Application\Hexalith.Application.Abstractions\Hexalith.Application.Abstractions.csproj", "{155E85F0-978B-4916-AB3C-741266DE7BE3}"
EndProject
Project("{9A19103F-16F7-4668-BE54-9A1E7A4F7556}") = "Hexalith.Domain.Abstractions", "Hexalith\src\Core\Domain\Hexalith.Domain.Abstractions\Hexalith.Domain.Abstractions.csproj", "{8CE66AE1-932A-4E2C-B8E5-4FA627ACA2D7}"
EndProject
Project("{9A19103F-16F7-4668-BE54-9A1E7A4F7556}") = "Hexalith.Infrastructure.Serialization", "Hexalith\src\Core\Infrastructure\Hexalith.Infrastructure.Serialization\Hexalith.Infrastructure.Serialization.csproj", "{B207766E-3CE0-4DF5-B33B-367C9E8AF4EB}"
EndProject
Project("{9A19103F-16F7-4668-BE54-9A1E7A4F7556}") = "Hexalith.Infrastructure.WebApis", "Hexalith\src\Core\Infrastructure\Hexalith.Infrastructure.WebApis\Hexalith.Infrastructure.WebApis.csproj", "{00897BC6-2258-41E6-9246-B9EDB67A225B}"
EndProject
Project("{9A19103F-16F7-4668-BE54-9A1E7A4F7556}") = "Hexalith.Infrastructure.DaprRuntime", "Hexalith\src\Core\Infrastructure\Hexalith.Infrastructure.DaprRuntime\Hexalith.Infrastructure.DaprRuntime.csproj", "{F92430D4-DCA2-4FDC-B902-FA053BCB8037}"
EndProject
Project("{9A19103F-16F7-4668-BE54-9A1E7A4F7556}") = "Hexalith.Application.TopologicalSorting", "Hexalith\src\Core\Application\Hexalith.Application.TopologicalSorting\Hexalith.Application.TopologicalSorting.csproj", "{43D88290-657A-4D99-BB58-BA5B60B13630}"
EndProject
Project("{9A19103F-16F7-4668-BE54-9A1E7A4F7556}") = "Hexalith.Domain.ConversationThreads", "Hexalith\src\Core\Domain\Hexalith.Domain.ConversationThreads\Hexalith.Domain.ConversationThreads.csproj", "{E2751BF1-0B07-4CF2-B19C-FBA0C0FB0FB9}"
EndProject
Project("{9A19103F-16F7-4668-BE54-9A1E7A4F7556}") = "Hexalith.Domain.UserConversationProfiles", "Hexalith\src\Core\Domain\Hexalith.Domain.UserConversations\Hexalith.Domain.UserConversationProfiles.csproj", "{2F11D0F4-35B2-45D7-8966-DF5248DB82D4}"
EndProject
Project("{9A19103F-16F7-4668-BE54-9A1E7A4F7556}") = "Hexalith.Application.ConversationThreads", "Hexalith\src\Core\Application\Hexalith.Application.ConversationThreads\Hexalith.Application.ConversationThreads.csproj", "{C29D4822-A879-49FA-9025-880D716782FF}"
EndProject
Project("{9A19103F-16F7-4668-BE54-9A1E7A4F7556}") = "Hexalith.Infrastructure.AzureDevOps", "Hexalith\src\Core\Infrastructure\Hexalith.Infrastructure.AzureDevOps\Hexalith.Infrastructure.AzureDevOps.csproj", "{AABC96A7-2B2C-4F92-A4CC-D76596DCF0D6}"
EndProject
Project("{9A19103F-16F7-4668-BE54-9A1E7A4F7556}") = "Hexalith.Application.Organizations", "Hexalith\src\Core\Application\Hexalith.Application.Organizations\Hexalith.Application.Organizations.csproj", "{4BFB8526-A11F-4946-9905-7F00EECEF7FF}"
EndProject
Project("{9A19103F-16F7-4668-BE54-9A1E7A4F7556}") = "Hexalith.Domain.Organizations", "Hexalith\src\Core\Domain\Hexalith.Domain.Organizations\Hexalith.Domain.Organizations.csproj", "{71564D94-DA05-4FCA-985F-E5574EFF2723}"
EndProject
Project("{9A19103F-16F7-4668-BE54-9A1E7A4F7556}") = "Hexalith.UI.ApplicationLayout", "Hexalith\src\Core\UI\Hexalith.UI.ApplicationLayout\Hexalith.UI.ApplicationLayout.csproj", "{29551DAF-21B8-4C4D-A765-4F75D1758CB9}"
EndProject
Project("{2150E333-8FDC-42A3-9474-1A3956D46DE8}") = "UI", "UI", "{3D11F14C-AF25-4D09-8182-568B18EB78FC}"
EndProject
Project("{9A19103F-16F7-4668-BE54-9A1E7A4F7556}") = "Hexalith.Domain.Surveys", "Hexalith\src\Core\Domain\Hexalith.Domain.Surveys\Hexalith.Domain.Surveys.csproj", "{398AB413-51AA-4973-A5D5-DD584C4F4B6C}"
EndProject
Project("{9A19103F-16F7-4668-BE54-9A1E7A4F7556}") = "Hexalith.Infrastructure.DaprRuntime.Abstractions", "Hexalith\src\Core\Infrastructure\Hexalith.Infrastructure.DaprRuntime.Abstractions\Hexalith.Infrastructure.DaprRuntime.Abstractions.csproj", "{552814D4-6853-4384-A270-47C7741D1332}"
EndProject
Project("{9A19103F-16F7-4668-BE54-9A1E7A4F7556}") = "Hexalith.Infrastructure.Emails.MailKit", "Hexalith\src\Core\Infrastructure\Hexalith.Infrastructure.Emails.MailKit\Hexalith.Infrastructure.Emails.MailKit.csproj", "{A836AC21-33CC-479C-862D-99D6EB36917E}"
EndProject
Project("{9A19103F-16F7-4668-BE54-9A1E7A4F7556}") = "Hexalith.Infrastructure.Emails.SendGrid", "Hexalith\src\Core\Infrastructure\Hexalith.Infrastructure.Emails.SendGrid\Hexalith.Infrastructure.Emails.SendGrid.csproj", "{96BFBAF8-A4DB-41E1-B73E-6B44D775488B}"
EndProject
Project("{9A19103F-16F7-4668-BE54-9A1E7A4F7556}") = "Hexalith.Infrastructure.Emails.Abstractions", "Hexalith\src\Core\Infrastructure\Hexalith.Infrastructure.Emails.Abstractions\Hexalith.Infrastructure.Emails.Abstractions.csproj", "{93BDAAEA-DCF3-4A19-844B-7B699DF52EC7}"
EndProject
Project("{9A19103F-16F7-4668-BE54-9A1E7A4F7556}") = "Hexalith.Infrastructure.WebApis.Proxies", "Hexalith\src\Core\Infrastructure\Hexalith.Infrastructure.WebApis.Proxies\Hexalith.Infrastructure.WebApis.Proxies.csproj", "{2EA76081-D72D-4AE9-A10F-094FDC57FA44}"
EndProject
Project("{9A19103F-16F7-4668-BE54-9A1E7A4F7556}") = "Hexalith.Infrastructure.WebApis.Abstractions", "Hexalith\src\Core\Infrastructure\Hexalith.Infrastructure.WebApis.Abstractions\Hexalith.Infrastructure.WebApis.Abstractions.csproj", "{2CF8A627-8BB7-4762-ABE7-51B9A3560774}"
EndProject
Project("{9A19103F-16F7-4668-BE54-9A1E7A4F7556}") = "Hexalith.Infrastructure.ClientAppOnServer", "Hexalith\src\Core\Infrastructure\Hexalith.Infrastructure.ClientAppOnServer\Hexalith.Infrastructure.ClientAppOnServer.csproj", "{E0F6C228-71C2-4610-B8EA-2A4DCA9DDE2C}"
EndProject
Project("{9A19103F-16F7-4668-BE54-9A1E7A4F7556}") = "Hexalith.Infrastructure.ClientAppOnWasm", "Hexalith\src\Core\Infrastructure\Hexalith.Infrastructure.ClientAppOnWasm\Hexalith.Infrastructure.ClientAppOnWasm.csproj", "{50915DCF-7731-411C-ADF9-0D36BB58E250}"
EndProject
Project("{9A19103F-16F7-4668-BE54-9A1E7A4F7556}") = "Hexalith.Infrastructure.ClientApp", "Hexalith\src\Core\Infrastructure\Hexalith.Infrastructure.ClientApp\Hexalith.Infrastructure.ClientApp.csproj", "{85FA9E9F-A3CC-4DF9-94BA-CB0011954DC3}"
EndProject
Project("{9A19103F-16F7-4668-BE54-9A1E7A4F7556}") = "Hexalith.Infrastructure.AspireService.Defaults", "Hexalith\src\Core\Infrastructure\Hexalith.Infrastructure.AspireService.Defaults\Hexalith.Infrastructure.AspireService.Defaults.csproj", "{80BF5C88-4E2B-4B76-A521-88CF4A880B16}"
EndProject
Project("{9A19103F-16F7-4668-BE54-9A1E7A4F7556}") = "Hexalith.Infrastructure.DaprRuntime.CosmosDatabases", "Hexalith\src\Core\Infrastructure\Hexalith.Infrastructure.DaprRuntime.CosmosDatabases\Hexalith.Infrastructure.DaprRuntime.CosmosDatabases.csproj", "{0D3A0C8C-15F2-4A0C-8A1C-BD54BCB8FEE1}"
EndProject
Project("{9A19103F-16F7-4668-BE54-9A1E7A4F7556}") = "Hexalith.Infrastructure.CosmosDb", "Hexalith\src\Core\Infrastructure\Hexalith.Infrastructure.CosmosDb\Hexalith.Infrastructure.CosmosDb.csproj", "{A9D47971-C5E1-4EE0-B355-23D0B0EE00BC}"
EndProject
Project("{9A19103F-16F7-4668-BE54-9A1E7A4F7556}") = "Hexalith.Infrastructure.AspireService.Hosting", "Hexalith\src\Core\Infrastructure\Hexalith.Infrastructure.AspireService.Hosting\Hexalith.Infrastructure.AspireService.Hosting.csproj", "{7FAFB6B4-B084-4F20-A046-8692CD504B67}"
EndProject
Project("{2150E333-8FDC-42A3-9474-1A3956D46DE8}") = "_src", "_src", "{6DCC825D-02D0-4F25-9A3D-A530736AB837}"
	ProjectSection(SolutionItems) = preProject
		src\Directory.Build.props = src\Directory.Build.props
	EndProjectSection
EndProject
Project("{2150E333-8FDC-42A3-9474-1A3956D46DE8}") = "Domain", "Domain", "{5B4A4C55-DC36-4DC1-B773-2E6E95C75F28}"
EndProject
Project("{2150E333-8FDC-42A3-9474-1A3956D46DE8}") = "Application", "Application", "{2A01A18A-F858-44A1-9AD0-8F7C4FA112B5}"
EndProject
Project("{2150E333-8FDC-42A3-9474-1A3956D46DE8}") = "_build", "_build", "{3A505FC6-CBD6-4D4F-BF48-329C3148282B}"
	ProjectSection(SolutionItems) = preProject
		.editorconfig = .editorconfig
		.gitignore = .gitignore
		.stylecop.json = .stylecop.json
		.stylecop.ruleset = .stylecop.ruleset
		.github\workflows\Contact_build.yaml = .github\workflows\Contact_build.yaml
		Directory.Build.props = Directory.Build.props
		Hexalith.Modules.Client.props = Hexalith.Modules.Client.props
		Hexalith.Modules.Server.props = Hexalith.Modules.Server.props
		Hexalith.Modules.Shared.props = Hexalith.Modules.Shared.props
		Hexalith.Modules.StoreApp.props = Hexalith.Modules.StoreApp.props
		Hexalith.props = Hexalith.props
		src\BuildFiles\Project.Common.props = src\BuildFiles\Project.Common.props
	EndProjectSection
EndProject
Project("{2150E333-8FDC-42A3-9474-1A3956D46DE8}") = "test", "test", "{8B5B1376-6E74-4BE2-8688-5F4B604B0370}"
	ProjectSection(SolutionItems) = preProject
		test\Directory.Build.props = test\Directory.Build.props
	EndProjectSection
EndProject
Project("{9A19103F-16F7-4668-BE54-9A1E7A4F7556}") = "Hexalith.UI.Components.Abstractions", "Hexalith\src\Core\UI\Hexalith.UI.Components.Abstractions\Hexalith.UI.Components.Abstractions.csproj", "{3C8A2FE5-7E6B-4932-AF11-71F859F3B87F}"
EndProject
Project("{9A19103F-16F7-4668-BE54-9A1E7A4F7556}") = "Hexalith.UI.Components", "Hexalith\src\Core\UI\Hexalith.UI.Components\Hexalith.UI.Components.csproj", "{6A210437-68DA-4468-AF3C-4887406BD03B}"
EndProject
Project("{9A19103F-16F7-4668-BE54-9A1E7A4F7556}") = "Hexalith.UI.Modules.Abstractions", "Hexalith\src\Core\UI\Hexalith.UI.Modules.Abstractions\Hexalith.UI.Modules.Abstractions.csproj", "{9A85438A-48CC-404E-9B1C-A29269FE78B9}"
EndProject
Project("{9A19103F-16F7-4668-BE54-9A1E7A4F7556}") = "Hexalith.UI.Modules", "Hexalith\src\Core\UI\Hexalith.UI.Modules\Hexalith.UI.Modules.csproj", "{92269465-385D-4598-9883-28379DE598C6}"
EndProject
Project("{2150E333-8FDC-42A3-9474-1A3956D46DE8}") = "Solution Items", "Solution Items", "{34E4AB9D-C6DD-4FB7-A205-4544129F7AE0}"
	ProjectSection(SolutionItems) = preProject
		.gitignore = .gitignore
		.github\workflows\Contact_build.yaml = .github\workflows\Contact_build.yaml
	EndProjectSection
EndProject
Project("{2150E333-8FDC-42A3-9474-1A3956D46DE8}") = "_global", "_global", "{1E9B2907-372E-4D83-96E0-F09636AF1E6A}"
	ProjectSection(SolutionItems) = preProject
		.gitignore = .gitignore
		flush_redis.bat = flush_redis.bat
		LICENSE = LICENSE
		README.md = README.md
	EndProjectSection
EndProject
Project("{9A19103F-16F7-4668-BE54-9A1E7A4F7556}") = "Hexalith.Application.Modules.Abstractions", "Hexalith\src\Core\Application\Hexalith.Application.Modules.Abstractions\Hexalith.Application.Modules.Abstractions.csproj", "{76D01851-A0B8-4586-A801-3D9C39DD2D5C}"
EndProject
Project("{9A19103F-16F7-4668-BE54-9A1E7A4F7556}") = "Hexalith.Application.Modules", "Hexalith\src\Core\Application\Hexalith.Application.Modules\Hexalith.Application.Modules.csproj", "{8F25EBB4-BF9E-40C2-9B16-7D2E875AFFBC}"
EndProject
Project("{2150E333-8FDC-42A3-9474-1A3956D46DE8}") = "HexalithApp", "HexalithApp", "{01ECF18B-80EF-4B78-875B-AC460AC0D5CC}"
EndProject
Project("{9A19103F-16F7-4668-BE54-9A1E7A4F7556}") = "HexalithApp.Client", "HexalithApp\src\HexalithApp.Client\HexalithApp.Client.csproj", "{101A8792-8E9B-41D4-BD7A-D80B4C5FA830}"
EndProject
Project("{9A19103F-16F7-4668-BE54-9A1E7A4F7556}") = "HexalithApp.Server", "HexalithApp\src\HexalithApp.Server\HexalithApp.Server.csproj", "{424A6572-25F1-4FFE-ABC7-48590E3BB310}"
EndProject
Project("{9A19103F-16F7-4668-BE54-9A1E7A4F7556}") = "HexalithApp.Shared", "HexalithApp\src\HexalithApp.Shared\HexalithApp.Shared.csproj", "{76643D9B-0E49-4B55-BE6C-CC50AE034901}"
EndProject
Project("{2150E333-8FDC-42A3-9474-1A3956D46DE8}") = "_build", "_build", "{6C4BEC38-313B-4E69-A837-0A23AD8BCF26}"
	ProjectSection(SolutionItems) = preProject
		HexalithApp\src\HexalithApp.Build\Dependencies.props = HexalithApp\src\HexalithApp.Build\Dependencies.props
		HexalithApp\Directory.Build.props = HexalithApp\Directory.Build.props
		HexalithApp\Hexalith.Modules.Client.props = HexalithApp\Hexalith.Modules.Client.props
		HexalithApp\Hexalith.Modules.Server.props = HexalithApp\Hexalith.Modules.Server.props
		HexalithApp\Hexalith.Modules.Shared.props = HexalithApp\Hexalith.Modules.Shared.props
		HexalithApp\Hexalith.Modules.StoreApp.props = HexalithApp\Hexalith.Modules.StoreApp.props
		HexalithApp\src\HexalithApp.Build\Project.Common.props = HexalithApp\src\HexalithApp.Build\Project.Common.props
	EndProjectSection
EndProject
Project("{2150E333-8FDC-42A3-9474-1A3956D46DE8}") = "Azure", "Azure", "{7FD8C982-3FC4-4DBD-89EF-3EC5AACF723C}"
EndProject
Project("{2150E333-8FDC-42A3-9474-1A3956D46DE8}") = "_build", "_build", "{9368C4ED-9BE9-48B5-8EC6-861CEA560C5D}"
	ProjectSection(SolutionItems) = preProject
		Hexalith\src\Hexalith.Build\Dependencies.props = Hexalith\src\Hexalith.Build\Dependencies.props
		Hexalith\.github\workflows\hexalith_build.yml = Hexalith\.github\workflows\hexalith_build.yml
		Hexalith\src\Hexalith.Build\Project.Common.props = Hexalith\src\Hexalith.Build\Project.Common.props
		Hexalith\.github\workflows\semgrep.yml = Hexalith\.github\workflows\semgrep.yml
	EndProjectSection
EndProject
Project("{2150E333-8FDC-42A3-9474-1A3956D46DE8}") = "Modules", "Modules", "{D81ADEE4-9D3D-46A8-B034-2F0500F3FC2E}"
EndProject
Project("{9A19103F-16F7-4668-BE54-9A1E7A4F7556}") = "HexalithContactInfrastructure", "ContactInfrastructure\HexalithContactInfrastructure.csproj", "{0E9E77F7-FBDB-48CC-AA72-1681A55392B0}"
EndProject
Project("{9A19103F-16F7-4668-BE54-9A1E7A4F7556}") = "Hexalith.Contacts.Commands", "src\Application\Hexalith.Contacts.Commands\Hexalith.Contacts.Commands.csproj", "{208EFAF5-C124-4C6D-9565-864C28D71300}"
EndProject
Project("{9A19103F-16F7-4668-BE54-9A1E7A4F7556}") = "Hexalith.Contacts.Domain.Abstractions", "src\Domain\Hexalith.Contacts.Domain.Abstractions\Hexalith.Contacts.Domain.Abstractions.csproj", "{8977EF22-4C0E-4E5D-8E14-69AA8C275E72}"
EndProject
Project("{9A19103F-16F7-4668-BE54-9A1E7A4F7556}") = "Hexalith.Contacts.Domain", "src\Domain\Hexalith.Contacts.Domain\Hexalith.Contacts.Domain.csproj", "{C0DDC1F8-0CCE-45DC-AA0B-B7B632A7551B}"
EndProject
Project("{9A19103F-16F7-4668-BE54-9A1E7A4F7556}") = "Hexalith.Contacts.Events", "src\Domain\Hexalith.Contacts.Events\Hexalith.Contacts.Events.csproj", "{8106EBC2-A669-4837-9340-71FB725030E3}"
EndProject
Project("{9A19103F-16F7-4668-BE54-9A1E7A4F7556}") = "Hexalith.Contacts.Client", "src\Modules\Hexalith.Contacts.Client\Hexalith.Contacts.Client.csproj", "{C8A709D5-652D-4FB0-9D0B-3AFAA5FD2666}"
EndProject
Project("{9A19103F-16F7-4668-BE54-9A1E7A4F7556}") = "Hexalith.Contacts.Shared", "src\Modules\Hexalith.Contacts.Shared\Hexalith.Contacts.Shared.csproj", "{7EB0FD62-0A71-47C3-B0BD-6983556D9FF4}"
EndProject
Project("{9A19103F-16F7-4668-BE54-9A1E7A4F7556}") = "Hexalith.Contacts.Server", "src\Modules\Hexalith.Contacts.Server\Hexalith.Contacts.Server.csproj", "{67B0BEA2-E1D6-493F-8B1E-0DF1BC6F3AC0}"
EndProject
Project("{9A19103F-16F7-4668-BE54-9A1E7A4F7556}") = "Hexalith.Contacts.IntegrationTests", "test\Hexalith.Contacts.IntegrationTests\Hexalith.Contacts.IntegrationTests.csproj", "{F4D7FFBD-BD03-42CC-8D62-66D6EE0EC3B9}"
EndProject
Project("{9A19103F-16F7-4668-BE54-9A1E7A4F7556}") = "Hexalith.Contacts.UnitTests", "test\Hexalith.Contacts.UnitTests\Hexalith.Contacts.UnitTests.csproj", "{ED6C0A6A-ABC1-45C2-A23C-D33287B59C1D}"
EndProject
Project("{2150E333-8FDC-42A3-9474-1A3956D46DE8}") = "Hexalith.EasyAuthentication", "Hexalith.EasyAuthentication", "{637A01D4-E549-45E3-8A8D-31D86D884CC8}"
EndProject
Project("{9A19103F-16F7-4668-BE54-9A1E7A4F7556}") = "Hexalith.EasyAuthentication.Shared", "Hexalith.EasyAuthentication\src\Modules\Hexalith.EasyAuthentication.Shared\Hexalith.EasyAuthentication.Shared.csproj", "{E776FF4B-C910-48B1-94FF-109CB1A447B6}"
EndProject
Project("{9A19103F-16F7-4668-BE54-9A1E7A4F7556}") = "Hexalith.EasyAuthentication.Client", "Hexalith.EasyAuthentication\src\Modules\Hexalith.EasyAuthentication.Client\Hexalith.EasyAuthentication.Client.csproj", "{D131BB77-BB85-42B2-95A3-24B9BF7C69DC}"
EndProject
Project("{9A19103F-16F7-4668-BE54-9A1E7A4F7556}") = "Hexalith.EasyAuthentication.Server", "Hexalith.EasyAuthentication\src\Modules\Hexalith.EasyAuthentication.Server\Hexalith.EasyAuthentication.Server.csproj", "{5B4448FE-88BA-4D6C-8F00-EF340874C154}"
EndProject
Project("{2150E333-8FDC-42A3-9474-1A3956D46DE8}") = "CodeGenerations", "CodeGenerations", "{78B9DBC0-0806-41D3-ADC7-A2DB03D9292C}"
EndProject
Project("{9A19103F-16F7-4668-BE54-9A1E7A4F7556}") = "Hexalith.CodeGenerators.SerializationMappers", "Hexalith\src\Core\CodeGenerators\Hexalith.CodeGenerators.SerializationMappers\Hexalith.CodeGenerators.SerializationMappers.csproj", "{84402D96-0456-4923-B223-F6D0C781848D}"
EndProject
Project("{9A19103F-16F7-4668-BE54-9A1E7A4F7556}") = "Hexalith.PolymorphicSerialization", "Hexalith\src\Core\Common\Hexalith.PolymorphicSerialization\Hexalith.PolymorphicSerialization.csproj", "{5F11D274-4877-49FD-BC92-738B93EA9AAF}"
EndProject
Project("{2150E333-8FDC-42A3-9474-1A3956D46DE8}") = "_global", "_global", "{C3E549CD-FE45-4747-B2F1-AC89F309B1C1}"
	ProjectSection(SolutionItems) = preProject
		Hexalith\.editorconfig = Hexalith\.editorconfig
		Hexalith\.stylecop.json = Hexalith\.stylecop.json
		Hexalith\flush_redis.bat = Hexalith\flush_redis.bat
	EndProjectSection
EndProject
Project("{9A19103F-16F7-4668-BE54-9A1E7A4F7556}") = "Hexalith.Contacts.Application", "src\Application\Hexalith.Contacts.Application\Hexalith.Contacts.Application.csproj", "{B2DD4127-C1A7-453A-A517-95D77FAD6863}"
EndProject
Project("{2150E333-8FDC-42A3-9474-1A3956D46DE8}") = "_build", "_build", "{0BFC2A7A-EE19-4929-9EA5-630463698E67}"
	ProjectSection(SolutionItems) = preProject
		Hexalith.EasyAuthentication\.editorconfig = Hexalith.EasyAuthentication\.editorconfig
		Hexalith.EasyAuthentication\.gitignore = Hexalith.EasyAuthentication\.gitignore
		Hexalith.EasyAuthentication\.stylecop.json = Hexalith.EasyAuthentication\.stylecop.json
		Hexalith.EasyAuthentication\.stylecop.ruleset = Hexalith.EasyAuthentication\.stylecop.ruleset
		Hexalith.EasyAuthentication\Directory.Build.props = Hexalith.EasyAuthentication\Directory.Build.props
		Hexalith.EasyAuthentication\Hexalith.Modules.Client.props = Hexalith.EasyAuthentication\Hexalith.Modules.Client.props
		Hexalith.EasyAuthentication\Hexalith.Modules.Server.props = Hexalith.EasyAuthentication\Hexalith.Modules.Server.props
		Hexalith.EasyAuthentication\Hexalith.Modules.Shared.props = Hexalith.EasyAuthentication\Hexalith.Modules.Shared.props
		Hexalith.EasyAuthentication\Hexalith.Modules.StoreApp.props = Hexalith.EasyAuthentication\Hexalith.Modules.StoreApp.props
		Hexalith.EasyAuthentication\Hexalith.props = Hexalith.EasyAuthentication\Hexalith.props
		Hexalith.EasyAuthentication\LICENSE = Hexalith.EasyAuthentication\LICENSE
		Hexalith.EasyAuthentication\src\BuildFiles\Project.Common.props = Hexalith.EasyAuthentication\src\BuildFiles\Project.Common.props
		Hexalith.EasyAuthentication\README.md = Hexalith.EasyAuthentication\README.md
	EndProjectSection
EndProject
Global
	GlobalSection(SolutionConfigurationPlatforms) = preSolution
		Debug|Any CPU = Debug|Any CPU
		Release|Any CPU = Release|Any CPU
	EndGlobalSection
	GlobalSection(ProjectConfigurationPlatforms) = postSolution
		{1959557F-5EAF-4B1E-BF3F-313AC68EFA49}.Debug|Any CPU.ActiveCfg = Debug|Any CPU
		{1959557F-5EAF-4B1E-BF3F-313AC68EFA49}.Debug|Any CPU.Build.0 = Debug|Any CPU
		{1959557F-5EAF-4B1E-BF3F-313AC68EFA49}.Release|Any CPU.ActiveCfg = Release|Any CPU
		{1959557F-5EAF-4B1E-BF3F-313AC68EFA49}.Release|Any CPU.Build.0 = Release|Any CPU
		{E6204AB7-62EC-41C2-9DEC-7727D3B87B08}.Debug|Any CPU.ActiveCfg = Debug|Any CPU
		{E6204AB7-62EC-41C2-9DEC-7727D3B87B08}.Debug|Any CPU.Build.0 = Debug|Any CPU
		{E6204AB7-62EC-41C2-9DEC-7727D3B87B08}.Release|Any CPU.ActiveCfg = Release|Any CPU
		{E6204AB7-62EC-41C2-9DEC-7727D3B87B08}.Release|Any CPU.Build.0 = Release|Any CPU
		{BE07B798-CBB1-4DA7-B80D-7628F1E67894}.Debug|Any CPU.ActiveCfg = Debug|Any CPU
		{BE07B798-CBB1-4DA7-B80D-7628F1E67894}.Debug|Any CPU.Build.0 = Debug|Any CPU
		{BE07B798-CBB1-4DA7-B80D-7628F1E67894}.Release|Any CPU.ActiveCfg = Release|Any CPU
		{BE07B798-CBB1-4DA7-B80D-7628F1E67894}.Release|Any CPU.Build.0 = Release|Any CPU
		{735CE2B7-2572-4E3F-8B57-C55F9A69448E}.Debug|Any CPU.ActiveCfg = Debug|Any CPU
		{735CE2B7-2572-4E3F-8B57-C55F9A69448E}.Debug|Any CPU.Build.0 = Debug|Any CPU
		{735CE2B7-2572-4E3F-8B57-C55F9A69448E}.Release|Any CPU.ActiveCfg = Release|Any CPU
		{735CE2B7-2572-4E3F-8B57-C55F9A69448E}.Release|Any CPU.Build.0 = Release|Any CPU
		{155E85F0-978B-4916-AB3C-741266DE7BE3}.Debug|Any CPU.ActiveCfg = Debug|Any CPU
		{155E85F0-978B-4916-AB3C-741266DE7BE3}.Debug|Any CPU.Build.0 = Debug|Any CPU
		{155E85F0-978B-4916-AB3C-741266DE7BE3}.Release|Any CPU.ActiveCfg = Release|Any CPU
		{155E85F0-978B-4916-AB3C-741266DE7BE3}.Release|Any CPU.Build.0 = Release|Any CPU
		{8CE66AE1-932A-4E2C-B8E5-4FA627ACA2D7}.Debug|Any CPU.ActiveCfg = Debug|Any CPU
		{8CE66AE1-932A-4E2C-B8E5-4FA627ACA2D7}.Debug|Any CPU.Build.0 = Debug|Any CPU
		{8CE66AE1-932A-4E2C-B8E5-4FA627ACA2D7}.Release|Any CPU.ActiveCfg = Release|Any CPU
		{8CE66AE1-932A-4E2C-B8E5-4FA627ACA2D7}.Release|Any CPU.Build.0 = Release|Any CPU
		{B207766E-3CE0-4DF5-B33B-367C9E8AF4EB}.Debug|Any CPU.ActiveCfg = Debug|Any CPU
		{B207766E-3CE0-4DF5-B33B-367C9E8AF4EB}.Debug|Any CPU.Build.0 = Debug|Any CPU
		{B207766E-3CE0-4DF5-B33B-367C9E8AF4EB}.Release|Any CPU.ActiveCfg = Release|Any CPU
		{B207766E-3CE0-4DF5-B33B-367C9E8AF4EB}.Release|Any CPU.Build.0 = Release|Any CPU
		{00897BC6-2258-41E6-9246-B9EDB67A225B}.Debug|Any CPU.ActiveCfg = Debug|Any CPU
		{00897BC6-2258-41E6-9246-B9EDB67A225B}.Debug|Any CPU.Build.0 = Debug|Any CPU
		{00897BC6-2258-41E6-9246-B9EDB67A225B}.Release|Any CPU.ActiveCfg = Release|Any CPU
		{00897BC6-2258-41E6-9246-B9EDB67A225B}.Release|Any CPU.Build.0 = Release|Any CPU
		{F92430D4-DCA2-4FDC-B902-FA053BCB8037}.Debug|Any CPU.ActiveCfg = Debug|Any CPU
		{F92430D4-DCA2-4FDC-B902-FA053BCB8037}.Debug|Any CPU.Build.0 = Debug|Any CPU
		{F92430D4-DCA2-4FDC-B902-FA053BCB8037}.Release|Any CPU.ActiveCfg = Release|Any CPU
		{F92430D4-DCA2-4FDC-B902-FA053BCB8037}.Release|Any CPU.Build.0 = Release|Any CPU
		{43D88290-657A-4D99-BB58-BA5B60B13630}.Debug|Any CPU.ActiveCfg = Debug|Any CPU
		{43D88290-657A-4D99-BB58-BA5B60B13630}.Debug|Any CPU.Build.0 = Debug|Any CPU
		{43D88290-657A-4D99-BB58-BA5B60B13630}.Release|Any CPU.ActiveCfg = Release|Any CPU
		{43D88290-657A-4D99-BB58-BA5B60B13630}.Release|Any CPU.Build.0 = Release|Any CPU
		{E2751BF1-0B07-4CF2-B19C-FBA0C0FB0FB9}.Debug|Any CPU.ActiveCfg = Debug|Any CPU
		{E2751BF1-0B07-4CF2-B19C-FBA0C0FB0FB9}.Debug|Any CPU.Build.0 = Debug|Any CPU
		{E2751BF1-0B07-4CF2-B19C-FBA0C0FB0FB9}.Release|Any CPU.ActiveCfg = Release|Any CPU
		{E2751BF1-0B07-4CF2-B19C-FBA0C0FB0FB9}.Release|Any CPU.Build.0 = Release|Any CPU
		{2F11D0F4-35B2-45D7-8966-DF5248DB82D4}.Debug|Any CPU.ActiveCfg = Debug|Any CPU
		{2F11D0F4-35B2-45D7-8966-DF5248DB82D4}.Debug|Any CPU.Build.0 = Debug|Any CPU
		{2F11D0F4-35B2-45D7-8966-DF5248DB82D4}.Release|Any CPU.ActiveCfg = Release|Any CPU
		{2F11D0F4-35B2-45D7-8966-DF5248DB82D4}.Release|Any CPU.Build.0 = Release|Any CPU
		{C29D4822-A879-49FA-9025-880D716782FF}.Debug|Any CPU.ActiveCfg = Debug|Any CPU
		{C29D4822-A879-49FA-9025-880D716782FF}.Debug|Any CPU.Build.0 = Debug|Any CPU
		{C29D4822-A879-49FA-9025-880D716782FF}.Release|Any CPU.ActiveCfg = Release|Any CPU
		{C29D4822-A879-49FA-9025-880D716782FF}.Release|Any CPU.Build.0 = Release|Any CPU
		{AABC96A7-2B2C-4F92-A4CC-D76596DCF0D6}.Debug|Any CPU.ActiveCfg = Debug|Any CPU
		{AABC96A7-2B2C-4F92-A4CC-D76596DCF0D6}.Debug|Any CPU.Build.0 = Debug|Any CPU
		{AABC96A7-2B2C-4F92-A4CC-D76596DCF0D6}.Release|Any CPU.ActiveCfg = Release|Any CPU
		{AABC96A7-2B2C-4F92-A4CC-D76596DCF0D6}.Release|Any CPU.Build.0 = Release|Any CPU
		{4BFB8526-A11F-4946-9905-7F00EECEF7FF}.Debug|Any CPU.ActiveCfg = Debug|Any CPU
		{4BFB8526-A11F-4946-9905-7F00EECEF7FF}.Debug|Any CPU.Build.0 = Debug|Any CPU
		{4BFB8526-A11F-4946-9905-7F00EECEF7FF}.Release|Any CPU.ActiveCfg = Release|Any CPU
		{4BFB8526-A11F-4946-9905-7F00EECEF7FF}.Release|Any CPU.Build.0 = Release|Any CPU
		{71564D94-DA05-4FCA-985F-E5574EFF2723}.Debug|Any CPU.ActiveCfg = Debug|Any CPU
		{71564D94-DA05-4FCA-985F-E5574EFF2723}.Debug|Any CPU.Build.0 = Debug|Any CPU
		{71564D94-DA05-4FCA-985F-E5574EFF2723}.Release|Any CPU.ActiveCfg = Release|Any CPU
		{71564D94-DA05-4FCA-985F-E5574EFF2723}.Release|Any CPU.Build.0 = Release|Any CPU
		{29551DAF-21B8-4C4D-A765-4F75D1758CB9}.Debug|Any CPU.ActiveCfg = Debug|Any CPU
		{29551DAF-21B8-4C4D-A765-4F75D1758CB9}.Debug|Any CPU.Build.0 = Debug|Any CPU
		{29551DAF-21B8-4C4D-A765-4F75D1758CB9}.Release|Any CPU.ActiveCfg = Release|Any CPU
		{29551DAF-21B8-4C4D-A765-4F75D1758CB9}.Release|Any CPU.Build.0 = Release|Any CPU
		{398AB413-51AA-4973-A5D5-DD584C4F4B6C}.Debug|Any CPU.ActiveCfg = Debug|Any CPU
		{398AB413-51AA-4973-A5D5-DD584C4F4B6C}.Debug|Any CPU.Build.0 = Debug|Any CPU
		{398AB413-51AA-4973-A5D5-DD584C4F4B6C}.Release|Any CPU.ActiveCfg = Release|Any CPU
		{398AB413-51AA-4973-A5D5-DD584C4F4B6C}.Release|Any CPU.Build.0 = Release|Any CPU
		{552814D4-6853-4384-A270-47C7741D1332}.Debug|Any CPU.ActiveCfg = Debug|Any CPU
		{552814D4-6853-4384-A270-47C7741D1332}.Debug|Any CPU.Build.0 = Debug|Any CPU
		{552814D4-6853-4384-A270-47C7741D1332}.Release|Any CPU.ActiveCfg = Release|Any CPU
		{552814D4-6853-4384-A270-47C7741D1332}.Release|Any CPU.Build.0 = Release|Any CPU
		{A836AC21-33CC-479C-862D-99D6EB36917E}.Debug|Any CPU.ActiveCfg = Debug|Any CPU
		{A836AC21-33CC-479C-862D-99D6EB36917E}.Debug|Any CPU.Build.0 = Debug|Any CPU
		{A836AC21-33CC-479C-862D-99D6EB36917E}.Release|Any CPU.ActiveCfg = Release|Any CPU
		{A836AC21-33CC-479C-862D-99D6EB36917E}.Release|Any CPU.Build.0 = Release|Any CPU
		{96BFBAF8-A4DB-41E1-B73E-6B44D775488B}.Debug|Any CPU.ActiveCfg = Debug|Any CPU
		{96BFBAF8-A4DB-41E1-B73E-6B44D775488B}.Debug|Any CPU.Build.0 = Debug|Any CPU
		{96BFBAF8-A4DB-41E1-B73E-6B44D775488B}.Release|Any CPU.ActiveCfg = Release|Any CPU
		{96BFBAF8-A4DB-41E1-B73E-6B44D775488B}.Release|Any CPU.Build.0 = Release|Any CPU
		{93BDAAEA-DCF3-4A19-844B-7B699DF52EC7}.Debug|Any CPU.ActiveCfg = Debug|Any CPU
		{93BDAAEA-DCF3-4A19-844B-7B699DF52EC7}.Debug|Any CPU.Build.0 = Debug|Any CPU
		{93BDAAEA-DCF3-4A19-844B-7B699DF52EC7}.Release|Any CPU.ActiveCfg = Release|Any CPU
		{93BDAAEA-DCF3-4A19-844B-7B699DF52EC7}.Release|Any CPU.Build.0 = Release|Any CPU
		{2EA76081-D72D-4AE9-A10F-094FDC57FA44}.Debug|Any CPU.ActiveCfg = Debug|Any CPU
		{2EA76081-D72D-4AE9-A10F-094FDC57FA44}.Debug|Any CPU.Build.0 = Debug|Any CPU
		{2EA76081-D72D-4AE9-A10F-094FDC57FA44}.Release|Any CPU.ActiveCfg = Release|Any CPU
		{2EA76081-D72D-4AE9-A10F-094FDC57FA44}.Release|Any CPU.Build.0 = Release|Any CPU
		{2CF8A627-8BB7-4762-ABE7-51B9A3560774}.Debug|Any CPU.ActiveCfg = Debug|Any CPU
		{2CF8A627-8BB7-4762-ABE7-51B9A3560774}.Debug|Any CPU.Build.0 = Debug|Any CPU
		{2CF8A627-8BB7-4762-ABE7-51B9A3560774}.Release|Any CPU.ActiveCfg = Release|Any CPU
		{2CF8A627-8BB7-4762-ABE7-51B9A3560774}.Release|Any CPU.Build.0 = Release|Any CPU
		{E0F6C228-71C2-4610-B8EA-2A4DCA9DDE2C}.Debug|Any CPU.ActiveCfg = Debug|Any CPU
		{E0F6C228-71C2-4610-B8EA-2A4DCA9DDE2C}.Debug|Any CPU.Build.0 = Debug|Any CPU
		{E0F6C228-71C2-4610-B8EA-2A4DCA9DDE2C}.Release|Any CPU.ActiveCfg = Release|Any CPU
		{E0F6C228-71C2-4610-B8EA-2A4DCA9DDE2C}.Release|Any CPU.Build.0 = Release|Any CPU
		{50915DCF-7731-411C-ADF9-0D36BB58E250}.Debug|Any CPU.ActiveCfg = Debug|Any CPU
		{50915DCF-7731-411C-ADF9-0D36BB58E250}.Debug|Any CPU.Build.0 = Debug|Any CPU
		{50915DCF-7731-411C-ADF9-0D36BB58E250}.Release|Any CPU.ActiveCfg = Release|Any CPU
		{50915DCF-7731-411C-ADF9-0D36BB58E250}.Release|Any CPU.Build.0 = Release|Any CPU
		{85FA9E9F-A3CC-4DF9-94BA-CB0011954DC3}.Debug|Any CPU.ActiveCfg = Debug|Any CPU
		{85FA9E9F-A3CC-4DF9-94BA-CB0011954DC3}.Debug|Any CPU.Build.0 = Debug|Any CPU
		{85FA9E9F-A3CC-4DF9-94BA-CB0011954DC3}.Release|Any CPU.ActiveCfg = Release|Any CPU
		{85FA9E9F-A3CC-4DF9-94BA-CB0011954DC3}.Release|Any CPU.Build.0 = Release|Any CPU
		{80BF5C88-4E2B-4B76-A521-88CF4A880B16}.Debug|Any CPU.ActiveCfg = Debug|Any CPU
		{80BF5C88-4E2B-4B76-A521-88CF4A880B16}.Debug|Any CPU.Build.0 = Debug|Any CPU
		{80BF5C88-4E2B-4B76-A521-88CF4A880B16}.Release|Any CPU.ActiveCfg = Release|Any CPU
		{80BF5C88-4E2B-4B76-A521-88CF4A880B16}.Release|Any CPU.Build.0 = Release|Any CPU
		{0D3A0C8C-15F2-4A0C-8A1C-BD54BCB8FEE1}.Debug|Any CPU.ActiveCfg = Debug|Any CPU
		{0D3A0C8C-15F2-4A0C-8A1C-BD54BCB8FEE1}.Debug|Any CPU.Build.0 = Debug|Any CPU
		{0D3A0C8C-15F2-4A0C-8A1C-BD54BCB8FEE1}.Release|Any CPU.ActiveCfg = Release|Any CPU
		{0D3A0C8C-15F2-4A0C-8A1C-BD54BCB8FEE1}.Release|Any CPU.Build.0 = Release|Any CPU
		{A9D47971-C5E1-4EE0-B355-23D0B0EE00BC}.Debug|Any CPU.ActiveCfg = Debug|Any CPU
		{A9D47971-C5E1-4EE0-B355-23D0B0EE00BC}.Debug|Any CPU.Build.0 = Debug|Any CPU
		{A9D47971-C5E1-4EE0-B355-23D0B0EE00BC}.Release|Any CPU.ActiveCfg = Release|Any CPU
		{A9D47971-C5E1-4EE0-B355-23D0B0EE00BC}.Release|Any CPU.Build.0 = Release|Any CPU
		{7FAFB6B4-B084-4F20-A046-8692CD504B67}.Debug|Any CPU.ActiveCfg = Debug|Any CPU
		{7FAFB6B4-B084-4F20-A046-8692CD504B67}.Debug|Any CPU.Build.0 = Debug|Any CPU
		{7FAFB6B4-B084-4F20-A046-8692CD504B67}.Release|Any CPU.ActiveCfg = Release|Any CPU
		{7FAFB6B4-B084-4F20-A046-8692CD504B67}.Release|Any CPU.Build.0 = Release|Any CPU
		{3C8A2FE5-7E6B-4932-AF11-71F859F3B87F}.Debug|Any CPU.ActiveCfg = Debug|Any CPU
		{3C8A2FE5-7E6B-4932-AF11-71F859F3B87F}.Debug|Any CPU.Build.0 = Debug|Any CPU
		{3C8A2FE5-7E6B-4932-AF11-71F859F3B87F}.Release|Any CPU.ActiveCfg = Release|Any CPU
		{3C8A2FE5-7E6B-4932-AF11-71F859F3B87F}.Release|Any CPU.Build.0 = Release|Any CPU
		{6A210437-68DA-4468-AF3C-4887406BD03B}.Debug|Any CPU.ActiveCfg = Debug|Any CPU
		{6A210437-68DA-4468-AF3C-4887406BD03B}.Debug|Any CPU.Build.0 = Debug|Any CPU
		{6A210437-68DA-4468-AF3C-4887406BD03B}.Release|Any CPU.ActiveCfg = Release|Any CPU
		{6A210437-68DA-4468-AF3C-4887406BD03B}.Release|Any CPU.Build.0 = Release|Any CPU
		{9A85438A-48CC-404E-9B1C-A29269FE78B9}.Debug|Any CPU.ActiveCfg = Debug|Any CPU
		{9A85438A-48CC-404E-9B1C-A29269FE78B9}.Debug|Any CPU.Build.0 = Debug|Any CPU
		{9A85438A-48CC-404E-9B1C-A29269FE78B9}.Release|Any CPU.ActiveCfg = Release|Any CPU
		{9A85438A-48CC-404E-9B1C-A29269FE78B9}.Release|Any CPU.Build.0 = Release|Any CPU
		{92269465-385D-4598-9883-28379DE598C6}.Debug|Any CPU.ActiveCfg = Debug|Any CPU
		{92269465-385D-4598-9883-28379DE598C6}.Debug|Any CPU.Build.0 = Debug|Any CPU
		{92269465-385D-4598-9883-28379DE598C6}.Release|Any CPU.ActiveCfg = Release|Any CPU
		{92269465-385D-4598-9883-28379DE598C6}.Release|Any CPU.Build.0 = Release|Any CPU
		{76D01851-A0B8-4586-A801-3D9C39DD2D5C}.Debug|Any CPU.ActiveCfg = Debug|Any CPU
		{76D01851-A0B8-4586-A801-3D9C39DD2D5C}.Debug|Any CPU.Build.0 = Debug|Any CPU
		{76D01851-A0B8-4586-A801-3D9C39DD2D5C}.Release|Any CPU.ActiveCfg = Release|Any CPU
		{76D01851-A0B8-4586-A801-3D9C39DD2D5C}.Release|Any CPU.Build.0 = Release|Any CPU
		{8F25EBB4-BF9E-40C2-9B16-7D2E875AFFBC}.Debug|Any CPU.ActiveCfg = Debug|Any CPU
		{8F25EBB4-BF9E-40C2-9B16-7D2E875AFFBC}.Debug|Any CPU.Build.0 = Debug|Any CPU
		{8F25EBB4-BF9E-40C2-9B16-7D2E875AFFBC}.Release|Any CPU.ActiveCfg = Release|Any CPU
		{8F25EBB4-BF9E-40C2-9B16-7D2E875AFFBC}.Release|Any CPU.Build.0 = Release|Any CPU
		{101A8792-8E9B-41D4-BD7A-D80B4C5FA830}.Debug|Any CPU.ActiveCfg = Debug|Any CPU
		{101A8792-8E9B-41D4-BD7A-D80B4C5FA830}.Debug|Any CPU.Build.0 = Debug|Any CPU
		{101A8792-8E9B-41D4-BD7A-D80B4C5FA830}.Release|Any CPU.ActiveCfg = Release|Any CPU
		{101A8792-8E9B-41D4-BD7A-D80B4C5FA830}.Release|Any CPU.Build.0 = Release|Any CPU
		{424A6572-25F1-4FFE-ABC7-48590E3BB310}.Debug|Any CPU.ActiveCfg = Debug|Any CPU
		{424A6572-25F1-4FFE-ABC7-48590E3BB310}.Debug|Any CPU.Build.0 = Debug|Any CPU
		{424A6572-25F1-4FFE-ABC7-48590E3BB310}.Release|Any CPU.ActiveCfg = Release|Any CPU
		{424A6572-25F1-4FFE-ABC7-48590E3BB310}.Release|Any CPU.Build.0 = Release|Any CPU
		{76643D9B-0E49-4B55-BE6C-CC50AE034901}.Debug|Any CPU.ActiveCfg = Debug|Any CPU
		{76643D9B-0E49-4B55-BE6C-CC50AE034901}.Debug|Any CPU.Build.0 = Debug|Any CPU
		{76643D9B-0E49-4B55-BE6C-CC50AE034901}.Release|Any CPU.ActiveCfg = Release|Any CPU
		{76643D9B-0E49-4B55-BE6C-CC50AE034901}.Release|Any CPU.Build.0 = Release|Any CPU
		{0E9E77F7-FBDB-48CC-AA72-1681A55392B0}.Debug|Any CPU.ActiveCfg = Debug|Any CPU
		{0E9E77F7-FBDB-48CC-AA72-1681A55392B0}.Debug|Any CPU.Build.0 = Debug|Any CPU
		{0E9E77F7-FBDB-48CC-AA72-1681A55392B0}.Release|Any CPU.ActiveCfg = Release|Any CPU
		{0E9E77F7-FBDB-48CC-AA72-1681A55392B0}.Release|Any CPU.Build.0 = Release|Any CPU
		{208EFAF5-C124-4C6D-9565-864C28D71300}.Debug|Any CPU.ActiveCfg = Debug|Any CPU
		{208EFAF5-C124-4C6D-9565-864C28D71300}.Debug|Any CPU.Build.0 = Debug|Any CPU
		{208EFAF5-C124-4C6D-9565-864C28D71300}.Release|Any CPU.ActiveCfg = Release|Any CPU
		{208EFAF5-C124-4C6D-9565-864C28D71300}.Release|Any CPU.Build.0 = Release|Any CPU
		{8977EF22-4C0E-4E5D-8E14-69AA8C275E72}.Debug|Any CPU.ActiveCfg = Debug|Any CPU
		{8977EF22-4C0E-4E5D-8E14-69AA8C275E72}.Debug|Any CPU.Build.0 = Debug|Any CPU
		{8977EF22-4C0E-4E5D-8E14-69AA8C275E72}.Release|Any CPU.ActiveCfg = Release|Any CPU
		{8977EF22-4C0E-4E5D-8E14-69AA8C275E72}.Release|Any CPU.Build.0 = Release|Any CPU
		{C0DDC1F8-0CCE-45DC-AA0B-B7B632A7551B}.Debug|Any CPU.ActiveCfg = Debug|Any CPU
		{C0DDC1F8-0CCE-45DC-AA0B-B7B632A7551B}.Debug|Any CPU.Build.0 = Debug|Any CPU
		{C0DDC1F8-0CCE-45DC-AA0B-B7B632A7551B}.Release|Any CPU.ActiveCfg = Release|Any CPU
		{C0DDC1F8-0CCE-45DC-AA0B-B7B632A7551B}.Release|Any CPU.Build.0 = Release|Any CPU
		{8106EBC2-A669-4837-9340-71FB725030E3}.Debug|Any CPU.ActiveCfg = Debug|Any CPU
		{8106EBC2-A669-4837-9340-71FB725030E3}.Debug|Any CPU.Build.0 = Debug|Any CPU
		{8106EBC2-A669-4837-9340-71FB725030E3}.Release|Any CPU.ActiveCfg = Release|Any CPU
		{8106EBC2-A669-4837-9340-71FB725030E3}.Release|Any CPU.Build.0 = Release|Any CPU
		{C8A709D5-652D-4FB0-9D0B-3AFAA5FD2666}.Debug|Any CPU.ActiveCfg = Debug|Any CPU
		{C8A709D5-652D-4FB0-9D0B-3AFAA5FD2666}.Debug|Any CPU.Build.0 = Debug|Any CPU
		{C8A709D5-652D-4FB0-9D0B-3AFAA5FD2666}.Release|Any CPU.ActiveCfg = Release|Any CPU
		{C8A709D5-652D-4FB0-9D0B-3AFAA5FD2666}.Release|Any CPU.Build.0 = Release|Any CPU
		{7EB0FD62-0A71-47C3-B0BD-6983556D9FF4}.Debug|Any CPU.ActiveCfg = Debug|Any CPU
		{7EB0FD62-0A71-47C3-B0BD-6983556D9FF4}.Debug|Any CPU.Build.0 = Debug|Any CPU
		{7EB0FD62-0A71-47C3-B0BD-6983556D9FF4}.Release|Any CPU.ActiveCfg = Release|Any CPU
		{7EB0FD62-0A71-47C3-B0BD-6983556D9FF4}.Release|Any CPU.Build.0 = Release|Any CPU
		{67B0BEA2-E1D6-493F-8B1E-0DF1BC6F3AC0}.Debug|Any CPU.ActiveCfg = Debug|Any CPU
		{67B0BEA2-E1D6-493F-8B1E-0DF1BC6F3AC0}.Debug|Any CPU.Build.0 = Debug|Any CPU
		{67B0BEA2-E1D6-493F-8B1E-0DF1BC6F3AC0}.Release|Any CPU.ActiveCfg = Release|Any CPU
		{67B0BEA2-E1D6-493F-8B1E-0DF1BC6F3AC0}.Release|Any CPU.Build.0 = Release|Any CPU
		{F4D7FFBD-BD03-42CC-8D62-66D6EE0EC3B9}.Debug|Any CPU.ActiveCfg = Debug|Any CPU
		{F4D7FFBD-BD03-42CC-8D62-66D6EE0EC3B9}.Debug|Any CPU.Build.0 = Debug|Any CPU
		{F4D7FFBD-BD03-42CC-8D62-66D6EE0EC3B9}.Release|Any CPU.ActiveCfg = Release|Any CPU
		{F4D7FFBD-BD03-42CC-8D62-66D6EE0EC3B9}.Release|Any CPU.Build.0 = Release|Any CPU
		{ED6C0A6A-ABC1-45C2-A23C-D33287B59C1D}.Debug|Any CPU.ActiveCfg = Debug|Any CPU
		{ED6C0A6A-ABC1-45C2-A23C-D33287B59C1D}.Debug|Any CPU.Build.0 = Debug|Any CPU
		{ED6C0A6A-ABC1-45C2-A23C-D33287B59C1D}.Release|Any CPU.ActiveCfg = Release|Any CPU
		{ED6C0A6A-ABC1-45C2-A23C-D33287B59C1D}.Release|Any CPU.Build.0 = Release|Any CPU
		{E776FF4B-C910-48B1-94FF-109CB1A447B6}.Debug|Any CPU.ActiveCfg = Debug|Any CPU
		{E776FF4B-C910-48B1-94FF-109CB1A447B6}.Debug|Any CPU.Build.0 = Debug|Any CPU
		{E776FF4B-C910-48B1-94FF-109CB1A447B6}.Release|Any CPU.ActiveCfg = Release|Any CPU
		{E776FF4B-C910-48B1-94FF-109CB1A447B6}.Release|Any CPU.Build.0 = Release|Any CPU
		{D131BB77-BB85-42B2-95A3-24B9BF7C69DC}.Debug|Any CPU.ActiveCfg = Debug|Any CPU
		{D131BB77-BB85-42B2-95A3-24B9BF7C69DC}.Debug|Any CPU.Build.0 = Debug|Any CPU
		{D131BB77-BB85-42B2-95A3-24B9BF7C69DC}.Release|Any CPU.ActiveCfg = Release|Any CPU
		{D131BB77-BB85-42B2-95A3-24B9BF7C69DC}.Release|Any CPU.Build.0 = Release|Any CPU
		{5B4448FE-88BA-4D6C-8F00-EF340874C154}.Debug|Any CPU.ActiveCfg = Debug|Any CPU
		{5B4448FE-88BA-4D6C-8F00-EF340874C154}.Debug|Any CPU.Build.0 = Debug|Any CPU
		{5B4448FE-88BA-4D6C-8F00-EF340874C154}.Release|Any CPU.ActiveCfg = Release|Any CPU
		{5B4448FE-88BA-4D6C-8F00-EF340874C154}.Release|Any CPU.Build.0 = Release|Any CPU
		{84402D96-0456-4923-B223-F6D0C781848D}.Debug|Any CPU.ActiveCfg = Debug|Any CPU
		{84402D96-0456-4923-B223-F6D0C781848D}.Debug|Any CPU.Build.0 = Debug|Any CPU
		{84402D96-0456-4923-B223-F6D0C781848D}.Release|Any CPU.ActiveCfg = Release|Any CPU
		{84402D96-0456-4923-B223-F6D0C781848D}.Release|Any CPU.Build.0 = Release|Any CPU
		{5F11D274-4877-49FD-BC92-738B93EA9AAF}.Debug|Any CPU.ActiveCfg = Debug|Any CPU
		{5F11D274-4877-49FD-BC92-738B93EA9AAF}.Debug|Any CPU.Build.0 = Debug|Any CPU
		{5F11D274-4877-49FD-BC92-738B93EA9AAF}.Release|Any CPU.ActiveCfg = Release|Any CPU
		{5F11D274-4877-49FD-BC92-738B93EA9AAF}.Release|Any CPU.Build.0 = Release|Any CPU
		{B2DD4127-C1A7-453A-A517-95D77FAD6863}.Debug|Any CPU.ActiveCfg = Debug|Any CPU
		{B2DD4127-C1A7-453A-A517-95D77FAD6863}.Debug|Any CPU.Build.0 = Debug|Any CPU
		{B2DD4127-C1A7-453A-A517-95D77FAD6863}.Release|Any CPU.ActiveCfg = Release|Any CPU
		{B2DD4127-C1A7-453A-A517-95D77FAD6863}.Release|Any CPU.Build.0 = Release|Any CPU
	EndGlobalSection
	GlobalSection(SolutionProperties) = preSolution
		HideSolutionNode = FALSE
	EndGlobalSection
	GlobalSection(NestedProjects) = preSolution
		{4BF53A8A-B344-4C1A-AE24-1FC41E2188E9} = {D2DA3040-462E-4E0E-9CFE-3EA95FA3D014}
		{FA933B2A-DC9F-44A0-94C7-C5D2D49C550B} = {D2DA3040-462E-4E0E-9CFE-3EA95FA3D014}
		{AA983AFF-9CBC-4F2A-98E3-3CACA5039C61} = {D2DA3040-462E-4E0E-9CFE-3EA95FA3D014}
		{5A9735A3-CEE9-4E50-B2FD-54F0BF402002} = {D2DA3040-462E-4E0E-9CFE-3EA95FA3D014}
		{1959557F-5EAF-4B1E-BF3F-313AC68EFA49} = {4BF53A8A-B344-4C1A-AE24-1FC41E2188E9}
		{E6204AB7-62EC-41C2-9DEC-7727D3B87B08} = {FA933B2A-DC9F-44A0-94C7-C5D2D49C550B}
		{BE07B798-CBB1-4DA7-B80D-7628F1E67894} = {4BF53A8A-B344-4C1A-AE24-1FC41E2188E9}
		{735CE2B7-2572-4E3F-8B57-C55F9A69448E} = {AA983AFF-9CBC-4F2A-98E3-3CACA5039C61}
		{155E85F0-978B-4916-AB3C-741266DE7BE3} = {AA983AFF-9CBC-4F2A-98E3-3CACA5039C61}
		{8CE66AE1-932A-4E2C-B8E5-4FA627ACA2D7} = {5A9735A3-CEE9-4E50-B2FD-54F0BF402002}
		{B207766E-3CE0-4DF5-B33B-367C9E8AF4EB} = {FA933B2A-DC9F-44A0-94C7-C5D2D49C550B}
		{00897BC6-2258-41E6-9246-B9EDB67A225B} = {FA933B2A-DC9F-44A0-94C7-C5D2D49C550B}
		{F92430D4-DCA2-4FDC-B902-FA053BCB8037} = {FA933B2A-DC9F-44A0-94C7-C5D2D49C550B}
		{43D88290-657A-4D99-BB58-BA5B60B13630} = {AA983AFF-9CBC-4F2A-98E3-3CACA5039C61}
		{E2751BF1-0B07-4CF2-B19C-FBA0C0FB0FB9} = {5A9735A3-CEE9-4E50-B2FD-54F0BF402002}
		{2F11D0F4-35B2-45D7-8966-DF5248DB82D4} = {5A9735A3-CEE9-4E50-B2FD-54F0BF402002}
		{C29D4822-A879-49FA-9025-880D716782FF} = {AA983AFF-9CBC-4F2A-98E3-3CACA5039C61}
		{AABC96A7-2B2C-4F92-A4CC-D76596DCF0D6} = {FA933B2A-DC9F-44A0-94C7-C5D2D49C550B}
		{4BFB8526-A11F-4946-9905-7F00EECEF7FF} = {AA983AFF-9CBC-4F2A-98E3-3CACA5039C61}
		{71564D94-DA05-4FCA-985F-E5574EFF2723} = {5A9735A3-CEE9-4E50-B2FD-54F0BF402002}
		{29551DAF-21B8-4C4D-A765-4F75D1758CB9} = {3D11F14C-AF25-4D09-8182-568B18EB78FC}
		{3D11F14C-AF25-4D09-8182-568B18EB78FC} = {D2DA3040-462E-4E0E-9CFE-3EA95FA3D014}
		{398AB413-51AA-4973-A5D5-DD584C4F4B6C} = {5A9735A3-CEE9-4E50-B2FD-54F0BF402002}
		{552814D4-6853-4384-A270-47C7741D1332} = {FA933B2A-DC9F-44A0-94C7-C5D2D49C550B}
		{A836AC21-33CC-479C-862D-99D6EB36917E} = {FA933B2A-DC9F-44A0-94C7-C5D2D49C550B}
		{96BFBAF8-A4DB-41E1-B73E-6B44D775488B} = {FA933B2A-DC9F-44A0-94C7-C5D2D49C550B}
		{93BDAAEA-DCF3-4A19-844B-7B699DF52EC7} = {FA933B2A-DC9F-44A0-94C7-C5D2D49C550B}
		{2EA76081-D72D-4AE9-A10F-094FDC57FA44} = {FA933B2A-DC9F-44A0-94C7-C5D2D49C550B}
		{2CF8A627-8BB7-4762-ABE7-51B9A3560774} = {FA933B2A-DC9F-44A0-94C7-C5D2D49C550B}
		{E0F6C228-71C2-4610-B8EA-2A4DCA9DDE2C} = {FA933B2A-DC9F-44A0-94C7-C5D2D49C550B}
		{50915DCF-7731-411C-ADF9-0D36BB58E250} = {FA933B2A-DC9F-44A0-94C7-C5D2D49C550B}
		{85FA9E9F-A3CC-4DF9-94BA-CB0011954DC3} = {FA933B2A-DC9F-44A0-94C7-C5D2D49C550B}
		{80BF5C88-4E2B-4B76-A521-88CF4A880B16} = {FA933B2A-DC9F-44A0-94C7-C5D2D49C550B}
		{0D3A0C8C-15F2-4A0C-8A1C-BD54BCB8FEE1} = {FA933B2A-DC9F-44A0-94C7-C5D2D49C550B}
		{A9D47971-C5E1-4EE0-B355-23D0B0EE00BC} = {FA933B2A-DC9F-44A0-94C7-C5D2D49C550B}
		{7FAFB6B4-B084-4F20-A046-8692CD504B67} = {FA933B2A-DC9F-44A0-94C7-C5D2D49C550B}
		{5B4A4C55-DC36-4DC1-B773-2E6E95C75F28} = {6DCC825D-02D0-4F25-9A3D-A530736AB837}
		{2A01A18A-F858-44A1-9AD0-8F7C4FA112B5} = {6DCC825D-02D0-4F25-9A3D-A530736AB837}
		{3A505FC6-CBD6-4D4F-BF48-329C3148282B} = {6DCC825D-02D0-4F25-9A3D-A530736AB837}
		{3C8A2FE5-7E6B-4932-AF11-71F859F3B87F} = {3D11F14C-AF25-4D09-8182-568B18EB78FC}
		{6A210437-68DA-4468-AF3C-4887406BD03B} = {3D11F14C-AF25-4D09-8182-568B18EB78FC}
		{9A85438A-48CC-404E-9B1C-A29269FE78B9} = {3D11F14C-AF25-4D09-8182-568B18EB78FC}
		{92269465-385D-4598-9883-28379DE598C6} = {3D11F14C-AF25-4D09-8182-568B18EB78FC}
		{1E9B2907-372E-4D83-96E0-F09636AF1E6A} = {6DCC825D-02D0-4F25-9A3D-A530736AB837}
		{76D01851-A0B8-4586-A801-3D9C39DD2D5C} = {AA983AFF-9CBC-4F2A-98E3-3CACA5039C61}
		{8F25EBB4-BF9E-40C2-9B16-7D2E875AFFBC} = {AA983AFF-9CBC-4F2A-98E3-3CACA5039C61}
		{101A8792-8E9B-41D4-BD7A-D80B4C5FA830} = {01ECF18B-80EF-4B78-875B-AC460AC0D5CC}
		{424A6572-25F1-4FFE-ABC7-48590E3BB310} = {01ECF18B-80EF-4B78-875B-AC460AC0D5CC}
		{76643D9B-0E49-4B55-BE6C-CC50AE034901} = {01ECF18B-80EF-4B78-875B-AC460AC0D5CC}
		{6C4BEC38-313B-4E69-A837-0A23AD8BCF26} = {01ECF18B-80EF-4B78-875B-AC460AC0D5CC}
		{9368C4ED-9BE9-48B5-8EC6-861CEA560C5D} = {D2DA3040-462E-4E0E-9CFE-3EA95FA3D014}
		{D81ADEE4-9D3D-46A8-B034-2F0500F3FC2E} = {6DCC825D-02D0-4F25-9A3D-A530736AB837}
		{0E9E77F7-FBDB-48CC-AA72-1681A55392B0} = {7FD8C982-3FC4-4DBD-89EF-3EC5AACF723C}
		{208EFAF5-C124-4C6D-9565-864C28D71300} = {2A01A18A-F858-44A1-9AD0-8F7C4FA112B5}
		{8977EF22-4C0E-4E5D-8E14-69AA8C275E72} = {5B4A4C55-DC36-4DC1-B773-2E6E95C75F28}
		{C0DDC1F8-0CCE-45DC-AA0B-B7B632A7551B} = {5B4A4C55-DC36-4DC1-B773-2E6E95C75F28}
		{8106EBC2-A669-4837-9340-71FB725030E3} = {5B4A4C55-DC36-4DC1-B773-2E6E95C75F28}
		{C8A709D5-652D-4FB0-9D0B-3AFAA5FD2666} = {D81ADEE4-9D3D-46A8-B034-2F0500F3FC2E}
		{7EB0FD62-0A71-47C3-B0BD-6983556D9FF4} = {D81ADEE4-9D3D-46A8-B034-2F0500F3FC2E}
		{67B0BEA2-E1D6-493F-8B1E-0DF1BC6F3AC0} = {D81ADEE4-9D3D-46A8-B034-2F0500F3FC2E}
		{F4D7FFBD-BD03-42CC-8D62-66D6EE0EC3B9} = {8B5B1376-6E74-4BE2-8688-5F4B604B0370}
		{ED6C0A6A-ABC1-45C2-A23C-D33287B59C1D} = {8B5B1376-6E74-4BE2-8688-5F4B604B0370}
		{E776FF4B-C910-48B1-94FF-109CB1A447B6} = {637A01D4-E549-45E3-8A8D-31D86D884CC8}
		{D131BB77-BB85-42B2-95A3-24B9BF7C69DC} = {637A01D4-E549-45E3-8A8D-31D86D884CC8}
		{5B4448FE-88BA-4D6C-8F00-EF340874C154} = {637A01D4-E549-45E3-8A8D-31D86D884CC8}
		{78B9DBC0-0806-41D3-ADC7-A2DB03D9292C} = {D2DA3040-462E-4E0E-9CFE-3EA95FA3D014}
		{84402D96-0456-4923-B223-F6D0C781848D} = {78B9DBC0-0806-41D3-ADC7-A2DB03D9292C}
		{5F11D274-4877-49FD-BC92-738B93EA9AAF} = {4BF53A8A-B344-4C1A-AE24-1FC41E2188E9}
		{C3E549CD-FE45-4747-B2F1-AC89F309B1C1} = {D2DA3040-462E-4E0E-9CFE-3EA95FA3D014}
		{B2DD4127-C1A7-453A-A517-95D77FAD6863} = {2A01A18A-F858-44A1-9AD0-8F7C4FA112B5}
		{0BFC2A7A-EE19-4929-9EA5-630463698E67} = {637A01D4-E549-45E3-8A8D-31D86D884CC8}
	EndGlobalSection
	GlobalSection(ExtensibilityGlobals) = postSolution
		SolutionGuid = {09CBB595-8996-4C7F-9C48-4C58AD9293AC}
	EndGlobalSection
EndGlobal
